
Microsoft Visual Studio Solution File, Format Version 12.00
# Visual Studio 15
VisualStudioVersion = 15.0.27703.2026
MinimumVisualStudioVersion = 10.0.40219.1
Project("{9A19103F-16F7-4668-BE54-9A1E7A4F7556}") = "Lab-04-Tic-Tac-Toe", "Lab-04-Tic-Tac-Toe\Lab-04-Tic-Tac-Toe.csproj", "{F52855C1-D815-430A-B3A1-87DEB5E4DFEF}"
EndProject
Project("{FAE04EC0-301F-11D3-BF4B-00C04F79EFBC}") = "Tic-Tac-Toe-Tests", "Tic-Tac-Toe-Tests\Tic-Tac-Toe-Tests.csproj", "{A1E06C9A-8CC8-40F8-BF3A-B8701A331B94}"
EndProject
Global
	GlobalSection(SolutionConfigurationPlatforms) = preSolution
		Debug|Any CPU = Debug|Any CPU
		Release|Any CPU = Release|Any CPU
	EndGlobalSection
	GlobalSection(ProjectConfigurationPlatforms) = postSolution
		{F52855C1-D815-430A-B3A1-87DEB5E4DFEF}.Debug|Any CPU.ActiveCfg = Debug|Any CPU
		{F52855C1-D815-430A-B3A1-87DEB5E4DFEF}.Debug|Any CPU.Build.0 = Debug|Any CPU
		{F52855C1-D815-430A-B3A1-87DEB5E4DFEF}.Release|Any CPU.ActiveCfg = Release|Any CPU
		{F52855C1-D815-430A-B3A1-87DEB5E4DFEF}.Release|Any CPU.Build.0 = Release|Any CPU
		{A1E06C9A-8CC8-40F8-BF3A-B8701A331B94}.Debug|Any CPU.ActiveCfg = Debug|Any CPU
		{A1E06C9A-8CC8-40F8-BF3A-B8701A331B94}.Debug|Any CPU.Build.0 = Debug|Any CPU
		{A1E06C9A-8CC8-40F8-BF3A-B8701A331B94}.Release|Any CPU.ActiveCfg = Release|Any CPU
		{A1E06C9A-8CC8-40F8-BF3A-B8701A331B94}.Release|Any CPU.Build.0 = Release|Any CPU
	EndGlobalSection
	GlobalSection(SolutionProperties) = preSolution
		HideSolutionNode = FALSE
	EndGlobalSection
	GlobalSection(ExtensibilityGlobals) = postSolution
		SolutionGuid = {EFDA641D-FCBE-40D5-A69B-796786041BC0}
	EndGlobalSection
EndGlobal
